
Microsoft Visual Studio Solution File, Format Version 12.00
# Visual Studio 15
VisualStudioVersion = 15.0.28010.2036
MinimumVisualStudioVersion = 10.0.40219.1
Project("{FAE04EC0-301F-11D3-BF4B-00C04F79EFBC}") = "PAT_OP3_Thomas", "PAT_OP3_Thomas\PAT_OP3_Thomas.csproj", "{194B27BA-B606-4943-84B0-8E52B8F97859}"
EndProject
Global
	GlobalSection(SolutionConfigurationPlatforms) = preSolution
		Debug|Any CPU = Debug|Any CPU
		Release|Any CPU = Release|Any CPU
	EndGlobalSection
	GlobalSection(ProjectConfigurationPlatforms) = postSolution
		{194B27BA-B606-4943-84B0-8E52B8F97859}.Debug|Any CPU.ActiveCfg = Debug|Any CPU
		{194B27BA-B606-4943-84B0-8E52B8F97859}.Debug|Any CPU.Build.0 = Debug|Any CPU
		{194B27BA-B606-4943-84B0-8E52B8F97859}.Release|Any CPU.ActiveCfg = Release|Any CPU
		{194B27BA-B606-4943-84B0-8E52B8F97859}.Release|Any CPU.Build.0 = Release|Any CPU
	EndGlobalSection
	GlobalSection(SolutionProperties) = preSolution
		HideSolutionNode = FALSE
	EndGlobalSection
	GlobalSection(ExtensibilityGlobals) = postSolution
		SolutionGuid = {584F2AEA-2C9A-4B00-B7B1-BCE1D3F9CAC1}
	EndGlobalSection
EndGlobal
